{
  "name": "node-starter",
  "version": "0.0.0",
  "lockfileVersion": 2,
  "requires": true,
  "packages": {
    "": {
      "name": "node-starter",
      "version": "0.0.0",
      "dependencies": {
        "traverse": "^0.6.6",
        "traverse-object": "^0.0.1"
      }
    },
    "node_modules/traverse": {
      "version": "0.6.6",
      "resolved": "https://registry.npmjs.org/traverse/-/traverse-0.6.6.tgz",
      "integrity": "sha1-y99WD9e5r2MlAv7UD5GMFX6pcTc="
    },
    "node_modules/traverse-object": {
      "version": "0.0.1",
      "resolved": "https://registry.npmjs.org/traverse-object/-/traverse-object-0.0.1.tgz",
      "integrity": "sha512-UDkPookDlsYuDRXCzM8U20mVlmO4uzmD6R4OqTCt70CTFx91BNHlhHwUPayc8zAotFNeox481Z206TP+Y50YyQ=="
    }
  },
  "dependencies": {
    "traverse": {
      "version": "0.6.6",
      "resolved": "https://registry.npmjs.org/traverse/-/traverse-0.6.6.tgz",
      "integrity": "sha1-y99WD9e5r2MlAv7UD5GMFX6pcTc="
    },
    "traverse-object": {
      "version": "0.0.1",
      "resolved": "https://registry.npmjs.org/traverse-object/-/traverse-object-0.0.1.tgz",
      "integrity": "sha512-UDkPookDlsYuDRXCzM8U20mVlmO4uzmD6R4OqTCt70CTFx91BNHlhHwUPayc8zAotFNeox481Z206TP+Y50YyQ=="
    }
  }
}
